NeoBundleLock HTML-AutoCloseTag c2f6f59cf5c08dd487ef361f93ba09317a840e25
NeoBundleLock Lightning 63b5f015086feb7edef724a298a2f18b7b3f9c07
NeoBundleLock beauty256 9e71770bb9fe4dd6e42a08ae2a61208708e3d3c7
NeoBundleLock ctrlp.vim 2868678a987834563bbc384763135462c2423eb8
NeoBundleLock fonts a44abd0e742ad6e7fd8d8bc4c3cad5155c9f3a92
NeoBundleLock jellybeans.vim fdc7b7ecd714c9afb0a5872ae87db0b23d50ea30
NeoBundleLock materialbox 2061e4fcd98555147e849061c1dccac09c972349
NeoBundleLock molokai c67bdfcdb31415aa0ade7f8c003261700a885476
NeoBundleLock neobundle.vim 88951d60547595606ea0ca8f28f643d2506f2714
NeoBundleLock neocomplete.vim 14ae00aab05c50392eaf1fa765a6b43d83dc77ba
NeoBundleLock neosnippet 3929abc3538db6e1b5958acc5f07cdad4345f86d
NeoBundleLock neosnippet-snippets 4431bf176650696d5a8dd93814812afd0d06212c
NeoBundleLock nerdtree eee431dbd44111c858c6d33ffd366cae1f17f8b3
NeoBundleLock swift.vim 93dc3a6dc80bbebcf87d4101da66795e17244163
NeoBundleLock syntastic 675f67eea29308537438eb49b3b28a444c1e4689
NeoBundleLock vim-airline 7cb5c2415172372ecd89662279350baf890dc8a0
NeoBundleLock vim-airline-themes 2a97d9ee410d7b9980a7741fc6e705d53eea23c2
NeoBundleLock vim-autoformat aa977617ba1a6d4c9510341c2d034d5ae96ff17b
NeoBundleLock vim-bufferline 651fd010aa9613a4b8636a4af8a2db0d22800262
NeoBundleLock vim-colors-solarized 528a59f26d12278698bb946f8fb82a63711eec21
NeoBundleLock vim-colorscheme-primary 6b57c1056f1e30642db493fe9685893a4a75d4aa
NeoBundleLock vim-commentary 73e0d9a9d1f51b6cc9dc965f62669194ae851cb1
NeoBundleLock vim-css3-syntax b6995753caf3085a41bd291fc369b1a462b78a44
NeoBundleLock vim-fugitive b754bc2031f21a532c083dd0d072ba373bbe3a37
NeoBundleLock vim-go 08c881dea2eee7ef208a8f27131b6696478bfb99
NeoBundleLock vim-hybrid cc58baabeabc7b83768e25b852bf89c34756bf90
NeoBundleLock vim-indent-guides 018298ead9d3aa9cd3b4ae222f81022a33978b09
NeoBundleLock vim-javascript 8e17e2330c4bb252d9657f1cea34159367f7cdad
NeoBundleLock vim-json f5e3181d0b33a9c51377bb7ea8492feddca8b503
NeoBundleLock vim-markdown 3c2215bfed1de1251927fbc94b2631ca27c2958f
NeoBundleLock vim-monokai ece3e6f0dd6970412e09b01f8e2d7de1129970c4
NeoBundleLock vim-snippets 0a66dc74c29a8cd330841cd9678f40b445a23f68
NeoBundleLock vim-toml f6f79f3cc6740dfacca73a195857cbc45e778912
